
Microsoft Visual Studio Solution File, Format Version 12.00
# Visual Studio Version 17
VisualStudioVersion = 17.14.36518.9 d17.14
MinimumVisualStudioVersion = 10.0.40219.1
Project("{FAE04EC0-301F-11D3-BF4B-00C04F79EFBC}") = "fase5", "fase5.csproj", "{DF368C0B-A7FF-4306-B7A3-5BD07FCFB676}"
EndProject
Global
	GlobalSection(SolutionConfigurationPlatforms) = preSolution
		Debug|Any CPU = Debug|Any CPU
		Release|Any CPU = Release|Any CPU
	EndGlobalSection
	GlobalSection(ProjectConfigurationPlatforms) = postSolution
		{DF368C0B-A7FF-4306-B7A3-5BD07FCFB676}.Debug|Any CPU.ActiveCfg = Debug|Any CPU
		{DF368C0B-A7FF-4306-B7A3-5BD07FCFB676}.Debug|Any CPU.Build.0 = Debug|Any CPU
		{DF368C0B-A7FF-4306-B7A3-5BD07FCFB676}.Release|Any CPU.ActiveCfg = Release|Any CPU
		{DF368C0B-A7FF-4306-B7A3-5BD07FCFB676}.Release|Any CPU.Build.0 = Release|Any CPU
	EndGlobalSection
	GlobalSection(SolutionProperties) = preSolution
		HideSolutionNode = FALSE
	EndGlobalSection
	GlobalSection(ExtensibilityGlobals) = postSolution
		SolutionGuid = {551E9C27-2AC1-4BD2-A471-54E18CFDBC2D}
	EndGlobalSection
EndGlobal
