
Microsoft Visual Studio Solution File, Format Version 12.00
# Visual Studio Version 17
VisualStudioVersion = 17.14.36518.9 d17.14
MinimumVisualStudioVersion = 10.0.40219.1
Project("{FAE04EC0-301F-11D3-BF4B-00C04F79EFBC}") = "fase03", "fase03.csproj", "{3E42C079-67B1-4CC7-9E52-154B11E75C47}"
EndProject
Global
	GlobalSection(SolutionConfigurationPlatforms) = preSolution
		Debug|Any CPU = Debug|Any CPU
		Release|Any CPU = Release|Any CPU
	EndGlobalSection
	GlobalSection(ProjectConfigurationPlatforms) = postSolution
		{3E42C079-67B1-4CC7-9E52-154B11E75C47}.Debug|Any CPU.ActiveCfg = Debug|Any CPU
		{3E42C079-67B1-4CC7-9E52-154B11E75C47}.Debug|Any CPU.Build.0 = Debug|Any CPU
		{3E42C079-67B1-4CC7-9E52-154B11E75C47}.Release|Any CPU.ActiveCfg = Release|Any CPU
		{3E42C079-67B1-4CC7-9E52-154B11E75C47}.Release|Any CPU.Build.0 = Release|Any CPU
	EndGlobalSection
	GlobalSection(SolutionProperties) = preSolution
		HideSolutionNode = FALSE
	EndGlobalSection
	GlobalSection(ExtensibilityGlobals) = postSolution
		SolutionGuid = {7AA1869B-E8D2-48ED-95C9-B692027E900E}
	EndGlobalSection
EndGlobal
